
Microsoft Visual Studio Solution File, Format Version 12.00
# Visual Studio Version 16
VisualStudioVersion = 16.0.31515.178
MinimumVisualStudioVersion = 10.0.40219.1
Project("{FAE04EC0-301F-11D3-BF4B-00C04F79EFBC}") = "Temperature Converter", "Temperature Converter.csproj", "{847D6A65-217C-4BF6-9DE6-57F9B40AA2A6}"
EndProject
Global
	GlobalSection(SolutionConfigurationPlatforms) = preSolution
		Debug|Any CPU = Debug|Any CPU
		Release|Any CPU = Release|Any CPU
	EndGlobalSection
	GlobalSection(ProjectConfigurationPlatforms) = postSolution
		{847D6A65-217C-4BF6-9DE6-57F9B40AA2A6}.Debug|Any CPU.ActiveCfg = Debug|Any CPU
		{847D6A65-217C-4BF6-9DE6-57F9B40AA2A6}.Debug|Any CPU.Build.0 = Debug|Any CPU
		{847D6A65-217C-4BF6-9DE6-57F9B40AA2A6}.Release|Any CPU.ActiveCfg = Release|Any CPU
		{847D6A65-217C-4BF6-9DE6-57F9B40AA2A6}.Release|Any CPU.Build.0 = Release|Any CPU
	EndGlobalSection
	GlobalSection(SolutionProperties) = preSolution
		HideSolutionNode = FALSE
	EndGlobalSection
	GlobalSection(ExtensibilityGlobals) = postSolution
		SolutionGuid = {8B895E21-60D8-44D2-9C4E-625582077BF6}
	EndGlobalSection
EndGlobal
